
Microsoft Visual Studio Solution File, Format Version 12.00
# Visual Studio 15
VisualStudioVersion = 15.0.27428.2015
MinimumVisualStudioVersion = 10.0.40219.1
Project("{9A19103F-16F7-4668-BE54-9A1E7A4F7556}") = "RussianDolls.Kattis.Com", "RussianDolls.Kattis.Com\RussianDolls.Kattis.Com.csproj", "{35DFACA0-3C5C-47E9-9BA0-973794AE387A}"
EndProject
Project("{9A19103F-16F7-4668-BE54-9A1E7A4F7556}") = "Probelms.Kattis.Com", "Probelms.Kattis.Com\Probelms.Kattis.Com.csproj", "{6BB0C194-DA6E-45C0-9C84-99DC131397B1}"
EndProject
Project("{9A19103F-16F7-4668-BE54-9A1E7A4F7556}") = "Terminal.Katttis.Com", "Terminal.Katttis.Com\Terminal.Katttis.Com.csproj", "{9E33EF55-5B3E-4772-8654-D766F7EA94CA}"
EndProject
Project("{FAE04EC0-301F-11D3-BF4B-00C04F79EFBC}") = "AvlTree", "AvlTree\AvlTree.csproj", "{79264FE3-CC6C-4086-9760-8469A85D7280}"
EndProject
Global
	GlobalSection(SolutionConfigurationPlatforms) = preSolution
		Debug|Any CPU = Debug|Any CPU
		Debug|x64 = Debug|x64
		Debug|x86 = Debug|x86
		Release|Any CPU = Release|Any CPU
		Release|x64 = Release|x64
		Release|x86 = Release|x86
	EndGlobalSection
	GlobalSection(ProjectConfigurationPlatforms) = postSolution
		{35DFACA0-3C5C-47E9-9BA0-973794AE387A}.Debug|Any CPU.ActiveCfg = Debug|Any CPU
		{35DFACA0-3C5C-47E9-9BA0-973794AE387A}.Debug|Any CPU.Build.0 = Debug|Any CPU
		{35DFACA0-3C5C-47E9-9BA0-973794AE387A}.Debug|x64.ActiveCfg = Debug|Any CPU
		{35DFACA0-3C5C-47E9-9BA0-973794AE387A}.Debug|x64.Build.0 = Debug|Any CPU
		{35DFACA0-3C5C-47E9-9BA0-973794AE387A}.Debug|x86.ActiveCfg = Debug|Any CPU
		{35DFACA0-3C5C-47E9-9BA0-973794AE387A}.Debug|x86.Build.0 = Debug|Any CPU
		{35DFACA0-3C5C-47E9-9BA0-973794AE387A}.Release|Any CPU.ActiveCfg = Release|Any CPU
		{35DFACA0-3C5C-47E9-9BA0-973794AE387A}.Release|Any CPU.Build.0 = Release|Any CPU
		{35DFACA0-3C5C-47E9-9BA0-973794AE387A}.Release|x64.ActiveCfg = Release|Any CPU
		{35DFACA0-3C5C-47E9-9BA0-973794AE387A}.Release|x64.Build.0 = Release|Any CPU
		{35DFACA0-3C5C-47E9-9BA0-973794AE387A}.Release|x86.ActiveCfg = Release|Any CPU
		{35DFACA0-3C5C-47E9-9BA0-973794AE387A}.Release|x86.Build.0 = Release|Any CPU
		{6BB0C194-DA6E-45C0-9C84-99DC131397B1}.Debug|Any CPU.ActiveCfg = Debug|Any CPU
		{6BB0C194-DA6E-45C0-9C84-99DC131397B1}.Debug|Any CPU.Build.0 = Debug|Any CPU
		{6BB0C194-DA6E-45C0-9C84-99DC131397B1}.Debug|x64.ActiveCfg = Debug|Any CPU
		{6BB0C194-DA6E-45C0-9C84-99DC131397B1}.Debug|x64.Build.0 = Debug|Any CPU
		{6BB0C194-DA6E-45C0-9C84-99DC131397B1}.Debug|x86.ActiveCfg = Debug|Any CPU
		{6BB0C194-DA6E-45C0-9C84-99DC131397B1}.Debug|x86.Build.0 = Debug|Any CPU
		{6BB0C194-DA6E-45C0-9C84-99DC131397B1}.Release|Any CPU.ActiveCfg = Release|Any CPU
		{6BB0C194-DA6E-45C0-9C84-99DC131397B1}.Release|Any CPU.Build.0 = Release|Any CPU
		{6BB0C194-DA6E-45C0-9C84-99DC131397B1}.Release|x64.ActiveCfg = Release|Any CPU
		{6BB0C194-DA6E-45C0-9C84-99DC131397B1}.Release|x64.Build.0 = Release|Any CPU
		{6BB0C194-DA6E-45C0-9C84-99DC131397B1}.Release|x86.ActiveCfg = Release|Any CPU
		{6BB0C194-DA6E-45C0-9C84-99DC131397B1}.Release|x86.Build.0 = Release|Any CPU
		{9E33EF55-5B3E-4772-8654-D766F7EA94CA}.Debug|Any CPU.ActiveCfg = Debug|Any CPU
		{9E33EF55-5B3E-4772-8654-D766F7EA94CA}.Debug|Any CPU.Build.0 = Debug|Any CPU
		{9E33EF55-5B3E-4772-8654-D766F7EA94CA}.Debug|x64.ActiveCfg = Debug|Any CPU
		{9E33EF55-5B3E-4772-8654-D766F7EA94CA}.Debug|x64.Build.0 = Debug|Any CPU
		{9E33EF55-5B3E-4772-8654-D766F7EA94CA}.Debug|x86.ActiveCfg = Debug|Any CPU
		{9E33EF55-5B3E-4772-8654-D766F7EA94CA}.Debug|x86.Build.0 = Debug|Any CPU
		{9E33EF55-5B3E-4772-8654-D766F7EA94CA}.Release|Any CPU.ActiveCfg = Release|Any CPU
		{9E33EF55-5B3E-4772-8654-D766F7EA94CA}.Release|Any CPU.Build.0 = Release|Any CPU
		{9E33EF55-5B3E-4772-8654-D766F7EA94CA}.Release|x64.ActiveCfg = Release|Any CPU
		{9E33EF55-5B3E-4772-8654-D766F7EA94CA}.Release|x64.Build.0 = Release|Any CPU
		{9E33EF55-5B3E-4772-8654-D766F7EA94CA}.Release|x86.ActiveCfg = Release|Any CPU
		{9E33EF55-5B3E-4772-8654-D766F7EA94CA}.Release|x86.Build.0 = Release|Any CPU
		{79264FE3-CC6C-4086-9760-8469A85D7280}.Debug|Any CPU.ActiveCfg = Debug|Any CPU
		{79264FE3-CC6C-4086-9760-8469A85D7280}.Debug|Any CPU.Build.0 = Debug|Any CPU
		{79264FE3-CC6C-4086-9760-8469A85D7280}.Debug|x64.ActiveCfg = Debug|Any CPU
		{79264FE3-CC6C-4086-9760-8469A85D7280}.Debug|x64.Build.0 = Debug|Any CPU
		{79264FE3-CC6C-4086-9760-8469A85D7280}.Debug|x86.ActiveCfg = Debug|Any CPU
		{79264FE3-CC6C-4086-9760-8469A85D7280}.Debug|x86.Build.0 = Debug|Any CPU
		{79264FE3-CC6C-4086-9760-8469A85D7280}.Release|Any CPU.ActiveCfg = Release|Any CPU
		{79264FE3-CC6C-4086-9760-8469A85D7280}.Release|Any CPU.Build.0 = Release|Any CPU
		{79264FE3-CC6C-4086-9760-8469A85D7280}.Release|x64.ActiveCfg = Release|Any CPU
		{79264FE3-CC6C-4086-9760-8469A85D7280}.Release|x64.Build.0 = Release|Any CPU
		{79264FE3-CC6C-4086-9760-8469A85D7280}.Release|x86.ActiveCfg = Release|Any CPU
		{79264FE3-CC6C-4086-9760-8469A85D7280}.Release|x86.Build.0 = Release|Any CPU
	EndGlobalSection
	GlobalSection(SolutionProperties) = preSolution
		HideSolutionNode = FALSE
	EndGlobalSection
	GlobalSection(ExtensibilityGlobals) = postSolution
		SolutionGuid = {E00C3715-708A-47A0-A7EA-2D65086C8F68}
	EndGlobalSection
EndGlobal
