
Microsoft Visual Studio Solution File, Format Version 12.00
# Visual Studio 15
VisualStudioVersion = 15.0.27428.2015
MinimumVisualStudioVersion = 10.0.40219.1
Project("{FAE04EC0-301F-11D3-BF4B-00C04F79EFBC}") = "CapGLib", "CapGLib\CapGLib.csproj", "{CACBE7A5-7AE3-4B58-9A05-DB75A712F4F2}"
EndProject
Global
	GlobalSection(SolutionConfigurationPlatforms) = preSolution
		Debug|Any CPU = Debug|Any CPU
		Release|Any CPU = Release|Any CPU
	EndGlobalSection
	GlobalSection(ProjectConfigurationPlatforms) = postSolution
		{CACBE7A5-7AE3-4B58-9A05-DB75A712F4F2}.Debug|Any CPU.ActiveCfg = Debug|Any CPU
		{CACBE7A5-7AE3-4B58-9A05-DB75A712F4F2}.Debug|Any CPU.Build.0 = Debug|Any CPU
		{CACBE7A5-7AE3-4B58-9A05-DB75A712F4F2}.Release|Any CPU.ActiveCfg = Release|Any CPU
		{CACBE7A5-7AE3-4B58-9A05-DB75A712F4F2}.Release|Any CPU.Build.0 = Release|Any CPU
	EndGlobalSection
	GlobalSection(SolutionProperties) = preSolution
		HideSolutionNode = FALSE
	EndGlobalSection
	GlobalSection(ExtensibilityGlobals) = postSolution
		SolutionGuid = {E00C3715-708A-47A0-A7EA-2D65086C8F68}
	EndGlobalSection
EndGlobal
